
Microsoft Visual Studio Solution File, Format Version 12.00
# Visual Studio Version 17
VisualStudioVersion = 17.6.33723.286
MinimumVisualStudioVersion = 10.0.40219.1
Project("{FAE04EC0-301F-11D3-BF4B-00C04F79EFBC}") = "SkyBook", "SkyBook\SkyBook.csproj", "{A42F42A6-B43F-415A-9773-9226064510DB}"
EndProject
Global
	GlobalSection(SolutionConfigurationPlatforms) = preSolution
		Debug|Any CPU = Debug|Any CPU
		Release|Any CPU = Release|Any CPU
	EndGlobalSection
	GlobalSection(ProjectConfigurationPlatforms) = postSolution
		{A42F42A6-B43F-415A-9773-9226064510DB}.Debug|Any CPU.ActiveCfg = Debug|Any CPU
		{A42F42A6-B43F-415A-9773-9226064510DB}.Debug|Any CPU.Build.0 = Debug|Any CPU
		{A42F42A6-B43F-415A-9773-9226064510DB}.Release|Any CPU.ActiveCfg = Release|Any CPU
		{A42F42A6-B43F-415A-9773-9226064510DB}.Release|Any CPU.Build.0 = Release|Any CPU
	EndGlobalSection
	GlobalSection(SolutionProperties) = preSolution
		HideSolutionNode = FALSE
	EndGlobalSection
	GlobalSection(ExtensibilityGlobals) = postSolution
		SolutionGuid = {25E50C9F-438D-4F45-9F9A-ACB05860CC34}
	EndGlobalSection
EndGlobal
